// !$*UTF8*$!
{
	archiveVersion = 1;
	classes = {
	};
	objectVersion = 50;
	objects = {

/* Begin PBXBuildFile section */
		EE0005B122D911690037DB62 /* StartViewController.swift in Sources */ = {isa = PBXBuildFile; fileRef = EE0005B022D911690037DB62 /* StartViewController.swift */; };
		EE1012CD22D3B1BB0016284F /* SettingsCell.swift in Sources */ = {isa = PBXBuildFile; fileRef = EE1012CC22D3B1BB0016284F /* SettingsCell.swift */; };
		EE10AFAF22D2712E00934ED4 /* Constants.swift in Sources */ = {isa = PBXBuildFile; fileRef = EE10AFAE22D2712E00934ED4 /* Constants.swift */; };
		EE10AFB122D27B8800934ED4 /* Word.swift in Sources */ = {isa = PBXBuildFile; fileRef = EE10AFB022D27B8800934ED4 /* Word.swift */; };
		EE2B0BF722CBB8EB00AD49F6 /* UserInfoHeader.swift in Sources */ = {isa = PBXBuildFile; fileRef = EE2B0BF622CBB8EB00AD49F6 /* UserInfoHeader.swift */; };
		EE2B0BFC22CBBB1700AD49F6 /* SettingsViewController.swift in Sources */ = {isa = PBXBuildFile; fileRef = EE2B0BFB22CBBB1700AD49F6 /* SettingsViewController.swift */; };
		EE2B0BFF22CBD75700AD49F6 /* zadaci.txt in Resources */ = {isa = PBXBuildFile; fileRef = EE2B0BFE22CBD75700AD49F6 /* zadaci.txt */; };
		EE4AA27022C227120029F541 /* Hangman-4.png in Resources */ = {isa = PBXBuildFile; fileRef = EE4AA26922C227120029F541 /* Hangman-4.png */; };
		EE4AA27122C227120029F541 /* Hangman-5.png in Resources */ = {isa = PBXBuildFile; fileRef = EE4AA26A22C227120029F541 /* Hangman-5.png */; };
		EE4AA27222C227120029F541 /* Hangman-6.png in Resources */ = {isa = PBXBuildFile; fileRef = EE4AA26B22C227120029F541 /* Hangman-6.png */; };
		EE4AA27322C227120029F541 /* Hangman-2.png in Resources */ = {isa = PBXBuildFile; fileRef = EE4AA26C22C227120029F541 /* Hangman-2.png */; };
		EE4AA27422C227120029F541 /* Hangman-3.png in Resources */ = {isa = PBXBuildFile; fileRef = EE4AA26D22C227120029F541 /* Hangman-3.png */; };
		EE4AA27522C227120029F541 /* Hangman-1.png in Resources */ = {isa = PBXBuildFile; fileRef = EE4AA26E22C227120029F541 /* Hangman-1.png */; };
		EE4AA27622C227120029F541 /* Hangman-0.png in Resources */ = {isa = PBXBuildFile; fileRef = EE4AA26F22C227120029F541 /* Hangman-0.png */; };
		EE65951322CE633600122B68 /* UserDefaults.swift in Sources */ = {isa = PBXBuildFile; fileRef = EE65951222CE633600122B68 /* UserDefaults.swift */; };
		EEC4A8D722C7930D00B69031 /* words.json in Resources */ = {isa = PBXBuildFile; fileRef = EEC4A8D622C7930D00B69031 /* words.json */; };
		EEDB021D22C9371A00B8141A /* InfoViewController.swift in Sources */ = {isa = PBXBuildFile; fileRef = EEDB021C22C9371A00B8141A /* InfoViewController.swift */; };
		EEE7A4A222CD22110016A760 /* InfoCell.swift in Sources */ = {isa = PBXBuildFile; fileRef = EEE7A4A122CD22110016A760 /* InfoCell.swift */; };
		EEE7A4A422CD22AA0016A760 /* Sections.swift in Sources */ = {isa = PBXBuildFile; fileRef = EEE7A4A322CD22AA0016A760 /* Sections.swift */; };
		EEEABCBC22C0115500C454C1 /* AppDelegate.swift in Sources */ = {isa = PBXBuildFile; fileRef = EEEABCBB22C0115500C454C1 /* AppDelegate.swift */; };
		EEEABCBE22C0115500C454C1 /* MainViewController.swift in Sources */ = {isa = PBXBuildFile; fileRef = EEEABCBD22C0115500C454C1 /* MainViewController.swift */; };
		EEEABCC122C0115500C454C1 /* Main.storyboard in Resources */ = {isa = PBXBuildFile; fileRef = EEEABCBF22C0115500C454C1 /* Main.storyboard */; };
		EEEABCC322C0115700C454C1 /* Assets.xcassets in Resources */ = {isa = PBXBuildFile; fileRef = EEEABCC222C0115700C454C1 /* Assets.xcassets */; };
		EEEABCC622C0115700C454C1 /* LaunchScreen.storyboard in Resources */ = {isa = PBXBuildFile; fileRef = EEEABCC422C0115700C454C1 /* LaunchScreen.storyboard */; };
/* End PBXBuildFile section */

/* Begin PBXFileReference section */
		EE0005B022D911690037DB62 /* StartViewController.swift */ = {isa = PBXFileReference; lastKnownFileType = sourcecode.swift; path = StartViewController.swift; sourceTree = "<group>"; };
		EE1012CC22D3B1BB0016284F /* SettingsCell.swift */ = {isa = PBXFileReference; lastKnownFileType = sourcecode.swift; path = SettingsCell.swift; sourceTree = "<group>"; };
		EE10AFAE22D2712E00934ED4 /* Constants.swift */ = {isa = PBXFileReference; lastKnownFileType = sourcecode.swift; path = Constants.swift; sourceTree = "<group>"; };
		EE10AFB022D27B8800934ED4 /* Word.swift */ = {isa = PBXFileReference; lastKnownFileType = sourcecode.swift; path = Word.swift; sourceTree = "<group>"; };
		EE2B0BF622CBB8EB00AD49F6 /* UserInfoHeader.swift */ = {isa = PBXFileReference; fileEncoding = 4; lastKnownFileType = sourcecode.swift; path = UserInfoHeader.swift; sourceTree = "<group>"; };
		EE2B0BFB22CBBB1700AD49F6 /* SettingsViewController.swift */ = {isa = PBXFileReference; lastKnownFileType = sourcecode.swift; path = SettingsViewController.swift; sourceTree = "<group>"; };
		EE2B0BFE22CBD75700AD49F6 /* zadaci.txt */ = {isa = PBXFileReference; lastKnownFileType = text; path = zadaci.txt; sourceTree = "<group>"; };
		EE4AA26922C227120029F541 /* Hangman-4.png */ = {isa = PBXFileReference; lastKnownFileType = image.png; path = "Hangman-4.png"; sourceTree = "<group>"; };
		EE4AA26A22C227120029F541 /* Hangman-5.png */ = {isa = PBXFileReference; lastKnownFileType = image.png; path = "Hangman-5.png"; sourceTree = "<group>"; };
		EE4AA26B22C227120029F541 /* Hangman-6.png */ = {isa = PBXFileReference; lastKnownFileType = image.png; path = "Hangman-6.png"; sourceTree = "<group>"; };
		EE4AA26C22C227120029F541 /* Hangman-2.png */ = {isa = PBXFileReference; lastKnownFileType = image.png; path = "Hangman-2.png"; sourceTree = "<group>"; };
		EE4AA26D22C227120029F541 /* Hangman-3.png */ = {isa = PBXFileReference; lastKnownFileType = image.png; path = "Hangman-3.png"; sourceTree = "<group>"; };
		EE4AA26E22C227120029F541 /* Hangman-1.png */ = {isa = PBXFileReference; lastKnownFileType = image.png; path = "Hangman-1.png"; sourceTree = "<group>"; };
		EE4AA26F22C227120029F541 /* Hangman-0.png */ = {isa = PBXFileReference; lastKnownFileType = image.png; path = "Hangman-0.png"; sourceTree = "<group>"; };
		EE65951222CE633600122B68 /* UserDefaults.swift */ = {isa = PBXFileReference; lastKnownFileType = sourcecode.swift; path = UserDefaults.swift; sourceTree = "<group>"; };
		EEC4A8D622C7930D00B69031 /* words.json */ = {isa = PBXFileReference; fileEncoding = 4; lastKnownFileType = text.json; path = words.json; sourceTree = "<group>"; };
		EEDB021C22C9371A00B8141A /* InfoViewController.swift */ = {isa = PBXFileReference; lastKnownFileType = sourcecode.swift; path = InfoViewController.swift; sourceTree = "<group>"; };
		EEE7A4A122CD22110016A760 /* InfoCell.swift */ = {isa = PBXFileReference; lastKnownFileType = sourcecode.swift; path = InfoCell.swift; sourceTree = "<group>"; };
		EEE7A4A322CD22AA0016A760 /* Sections.swift */ = {isa = PBXFileReference; lastKnownFileType = sourcecode.swift; path = Sections.swift; sourceTree = "<group>"; };
		EEEABCB822C0115500C454C1 /* Challenge3.app */ = {isa = PBXFileReference; explicitFileType = wrapper.application; includeInIndex = 0; path = Challenge3.app; sourceTree = BUILT_PRODUCTS_DIR; };
		EEEABCBB22C0115500C454C1 /* AppDelegate.swift */ = {isa = PBXFileReference; lastKnownFileType = sourcecode.swift; path = AppDelegate.swift; sourceTree = "<group>"; };
		EEEABCBD22C0115500C454C1 /* MainViewController.swift */ = {isa = PBXFileReference; lastKnownFileType = sourcecode.swift; path = MainViewController.swift; sourceTree = "<group>"; };
		EEEABCC022C0115500C454C1 /* Base */ = {isa = PBXFileReference; lastKnownFileType = file.storyboard; name = Base; path = Base.lproj/Main.storyboard; sourceTree = "<group>"; };
		EEEABCC222C0115700C454C1 /* Assets.xcassets */ = {isa = PBXFileReference; lastKnownFileType = folder.assetcatalog; path = Assets.xcassets; sourceTree = "<group>"; };
		EEEABCC522C0115700C454C1 /* Base */ = {isa = PBXFileReference; lastKnownFileType = file.storyboard; name = Base; path = Base.lproj/LaunchScreen.storyboard; sourceTree = "<group>"; };
		EEEABCC722C0115700C454C1 /* Info.plist */ = {isa = PBXFileReference; lastKnownFileType = text.plist.xml; path = Info.plist; sourceTree = "<group>"; };
/* End PBXFileReference section */

/* Begin PBXFrameworksBuildPhase section */
		EEEABCB522C0115500C454C1 /* Frameworks */ = {
			isa = PBXFrameworksBuildPhase;
			buildActionMask = 2147483647;
			files = (
			);
			runOnlyForDeploymentPostprocessing = 0;
		};
/* End PBXFrameworksBuildPhase section */

/* Begin PBXGroup section */
		EE4AA26822C227120029F541 /* images */ = {
			isa = PBXGroup;
			children = (
				EE4AA26F22C227120029F541 /* Hangman-0.png */,
				EE4AA26E22C227120029F541 /* Hangman-1.png */,
				EE4AA26C22C227120029F541 /* Hangman-2.png */,
				EE4AA26D22C227120029F541 /* Hangman-3.png */,
				EE4AA26922C227120029F541 /* Hangman-4.png */,
				EE4AA26A22C227120029F541 /* Hangman-5.png */,
				EE4AA26B22C227120029F541 /* Hangman-6.png */,
			);
			path = images;
			sourceTree = "<group>";
		};
		EE65950D22CE623700122B68 /* Model */ = {
			isa = PBXGroup;
			children = (
				EE10AFAE22D2712E00934ED4 /* Constants.swift */,
				EEE7A4A322CD22AA0016A760 /* Sections.swift */,
				EE10AFB022D27B8800934ED4 /* Word.swift */,
			);
			path = Model;
			sourceTree = "<group>";
		};
		EE65950E22CE624400122B68 /* View */ = {
			isa = PBXGroup;
			children = (
				EEEABCBF22C0115500C454C1 /* Main.storyboard */,
				EEEABCC422C0115700C454C1 /* LaunchScreen.storyboard */,
				EE2B0BF622CBB8EB00AD49F6 /* UserInfoHeader.swift */,
				EEE7A4A122CD22110016A760 /* InfoCell.swift */,
				EE1012CC22D3B1BB0016284F /* SettingsCell.swift */,
			);
			path = View;
			sourceTree = "<group>";
		};
		EE65950F22CE625000122B68 /* Controller */ = {
			isa = PBXGroup;
			children = (
				EE0005B022D911690037DB62 /* StartViewController.swift */,
				EEEABCBD22C0115500C454C1 /* MainViewController.swift */,
				EEDB021C22C9371A00B8141A /* InfoViewController.swift */,
				EE2B0BFB22CBBB1700AD49F6 /* SettingsViewController.swift */,
			);
			path = Controller;
			sourceTree = "<group>";
		};
		EE65951022CE629B00122B68 /* Supporting Files */ = {
			isa = PBXGroup;
			children = (
				EE4AA26822C227120029F541 /* images */,
				EEEABCC222C0115700C454C1 /* Assets.xcassets */,
				EEC4A8D622C7930D00B69031 /* words.json */,
			);
			path = "Supporting Files";
			sourceTree = "<group>";
		};
		EE65951122CE630D00122B68 /* Extensions */ = {
			isa = PBXGroup;
			children = (
				EE65951222CE633600122B68 /* UserDefaults.swift */,
			);
			path = Extensions;
			sourceTree = "<group>";
		};
		EEEABCAF22C0115500C454C1 = {
			isa = PBXGroup;
			children = (
				EEEABCBA22C0115500C454C1 /* Challenge3 */,
				EEEABCB922C0115500C454C1 /* Products */,
			);
			sourceTree = "<group>";
		};
		EEEABCB922C0115500C454C1 /* Products */ = {
			isa = PBXGroup;
			children = (
				EEEABCB822C0115500C454C1 /* Challenge3.app */,
			);
			name = Products;
			sourceTree = "<group>";
		};
		EEEABCBA22C0115500C454C1 /* Challenge3 */ = {
			isa = PBXGroup;
			children = (
				EE65950D22CE623700122B68 /* Model */,
				EE65950E22CE624400122B68 /* View */,
				EE65950F22CE625000122B68 /* Controller */,
				EE65951122CE630D00122B68 /* Extensions */,
				EE65951022CE629B00122B68 /* Supporting Files */,
				EEEABCBB22C0115500C454C1 /* AppDelegate.swift */,
				EEEABCC722C0115700C454C1 /* Info.plist */,
				EE2B0BFE22CBD75700AD49F6 /* zadaci.txt */,
			);
			path = Challenge3;
			sourceTree = "<group>";
		};
/* End PBXGroup section */

/* Begin PBXNativeTarget section */
		EEEABCB722C0115500C454C1 /* Challenge3 */ = {
			isa = PBXNativeTarget;
			buildConfigurationList = EEEABCCA22C0115700C454C1 /* Build configuration list for PBXNativeTarget "Challenge3" */;
			buildPhases = (
				EEEABCB422C0115500C454C1 /* Sources */,
				EEEABCB522C0115500C454C1 /* Frameworks */,
				EEEABCB622C0115500C454C1 /* Resources */,
			);
			buildRules = (
			);
			dependencies = (
			);
			name = Challenge3;
			productName = Challenge3;
			productReference = EEEABCB822C0115500C454C1 /* Challenge3.app */;
			productType = "com.apple.product-type.application";
		};
/* End PBXNativeTarget section */

/* Begin PBXProject section */
		EEEABCB022C0115500C454C1 /* Project object */ = {
			isa = PBXProject;
			attributes = {
				LastSwiftUpdateCheck = 1020;
				LastUpgradeCheck = 1020;
				ORGANIZATIONNAME = "Hrvoje Vuković";
				TargetAttributes = {
					EEEABCB722C0115500C454C1 = {
						CreatedOnToolsVersion = 10.2.1;
					};
				};
			};
			buildConfigurationList = EEEABCB322C0115500C454C1 /* Build configuration list for PBXProject "Challenge3" */;
			compatibilityVersion = "Xcode 9.3";
			developmentRegion = en;
			hasScannedForEncodings = 0;
			knownRegions = (
				en,
				Base,
			);
			mainGroup = EEEABCAF22C0115500C454C1;
			productRefGroup = EEEABCB922C0115500C454C1 /* Products */;
			projectDirPath = "";
			projectRoot = "";
			targets = (
				EEEABCB722C0115500C454C1 /* Challenge3 */,
			);
		};
/* End PBXProject section */

/* Begin PBXResourcesBuildPhase section */
		EEEABCB622C0115500C454C1 /* Resources */ = {
			isa = PBXResourcesBuildPhase;
			buildActionMask = 2147483647;
			files = (
				EEC4A8D722C7930D00B69031 /* words.json in Resources */,
				EEEABCC622C0115700C454C1 /* LaunchScreen.storyboard in Resources */,
				EEEABCC322C0115700C454C1 /* Assets.xcassets in Resources */,
				EE4AA27422C227120029F541 /* Hangman-3.png in Resources */,
				EE4AA27622C227120029F541 /* Hangman-0.png in Resources */,
				EEEABCC122C0115500C454C1 /* Main.storyboard in Resources */,
				EE4AA27122C227120029F541 /* Hangman-5.png in Resources */,
				EE4AA27022C227120029F541 /* Hangman-4.png in Resources */,
				EE4AA27222C227120029F541 /* Hangman-6.png in Resources */,
				EE2B0BFF22CBD75700AD49F6 /* zadaci.txt in Resources */,
				EE4AA27322C227120029F541 /* Hangman-2.png in Resources */,
				EE4AA27522C227120029F541 /* Hangman-1.png in Resources */,
			);
			runOnlyForDeploymentPostprocessing = 0;
		};
/* End PBXResourcesBuildPhase section */

/* Begin PBXSourcesBuildPhase section */
		EEEABCB422C0115500C454C1 /* Sources */ = {
			isa = PBXSourcesBuildPhase;
			buildActionMask = 2147483647;
			files = (
				EEEABCBE22C0115500C454C1 /* MainViewController.swift in Sources */,
				EEE7A4A422CD22AA0016A760 /* Sections.swift in Sources */,
				EE2B0BF722CBB8EB00AD49F6 /* UserInfoHeader.swift in Sources */,
				EEEABCBC22C0115500C454C1 /* AppDelegate.swift in Sources */,
				EE65951322CE633600122B68 /* UserDefaults.swift in Sources */,
				EE0005B122D911690037DB62 /* StartViewController.swift in Sources */,
				EE1012CD22D3B1BB0016284F /* SettingsCell.swift in Sources */,
				EE2B0BFC22CBBB1700AD49F6 /* SettingsViewController.swift in Sources */,
				EEE7A4A222CD22110016A760 /* InfoCell.swift in Sources */,
				EE10AFB122D27B8800934ED4 /* Word.swift in Sources */,
				EEDB021D22C9371A00B8141A /* InfoViewController.swift in Sources */,
				EE10AFAF22D2712E00934ED4 /* Constants.swift in Sources */,
			);
			runOnlyForDeploymentPostprocessing = 0;
		};
/* End PBXSourcesBuildPhase section */

/* Begin PBXVariantGroup section */
		EEEABCBF22C0115500C454C1 /* Main.storyboard */ = {
			isa = PBXVariantGroup;
			children = (
				EEEABCC022C0115500C454C1 /* Base */,
			);
			name = Main.storyboard;
			sourceTree = "<group>";
		};
		EEEABCC422C0115700C454C1 /* LaunchScreen.storyboard */ = {
			isa = PBXVariantGroup;
			children = (
				EEEABCC522C0115700C454C1 /* Base */,
			);
			name = LaunchScreen.storyboard;
			sourceTree = "<group>";
		};
/* End PBXVariantGroup section */

/* Begin XCBuildConfiguration section */
		EEEABCC822C0115700C454C1 /* Debug */ = {
			isa = XCBuildConfiguration;
			buildSettings = {
				ALWAYS_SEARCH_USER_PATHS = NO;
				CLANG_ANALYZER_NONNULL = YES;
				CLANG_ANALYZER_NUMBER_OBJECT_CONVERSION = YES_AGGRESSIVE;
				CLANG_CXX_LANGUAGE_STANDARD = "gnu++14";
				CLANG_CXX_LIBRARY = "libc++";
				CLANG_ENABLE_MODULES = YES;
				CLANG_ENABLE_OBJC_ARC = YES;
				CLANG_ENABLE_OBJC_WEAK = YES;
				CLANG_WARN_BLOCK_CAPTURE_AUTORELEASING = YES;
				CLANG_WARN_BOOL_CONVERSION = YES;
				CLANG_WARN_COMMA = YES;
				CLANG_WARN_CONSTANT_CONVERSION = YES;
				CLANG_WARN_DEPRECATED_OBJC_IMPLEMENTATIONS = YES;
				CLANG_WARN_DIRECT_OBJC_ISA_USAGE = YES_ERROR;
				CLANG_WARN_DOCUMENTATION_COMMENTS = YES;
				CLANG_WARN_EMPTY_BODY = YES;
				CLANG_WARN_ENUM_CONVERSION = YES;
				CLANG_WARN_INFINITE_RECURSION = YES;
				CLANG_WARN_INT_CONVERSION = YES;
				CLANG_WARN_NON_LITERAL_NULL_CONVERSION = YES;
				CLANG_WARN_OBJC_IMPLICIT_RETAIN_SELF = YES;
				CLANG_WARN_OBJC_LITERAL_CONVERSION = YES;
				CLANG_WARN_OBJC_ROOT_CLASS = YES_ERROR;
				CLANG_WARN_RANGE_LOOP_ANALYSIS = YES;
				CLANG_WARN_STRICT_PROTOTYPES = YES;
				CLANG_WARN_SUSPICIOUS_MOVE = YES;
				CLANG_WARN_UNGUARDED_AVAILABILITY = YES_AGGRESSIVE;
				CLANG_WARN_UNREACHABLE_CODE = YES;
				CLANG_WARN__DUPLICATE_METHOD_MATCH = YES;
				CODE_SIGN_IDENTITY = "iPhone Developer";
				COPY_PHASE_STRIP = NO;
				DEBUG_INFORMATION_FORMAT = dwarf;
				ENABLE_STRICT_OBJC_MSGSEND = YES;
				ENABLE_TESTABILITY = YES;
				GCC_C_LANGUAGE_STANDARD = gnu11;
				GCC_DYNAMIC_NO_PIC = NO;
				GCC_NO_COMMON_BLOCKS = YES;
				GCC_OPTIMIZATION_LEVEL = 0;
				GCC_PREPROCESSOR_DEFINITIONS = (
					"DEBUG=1",
					"$(inherited)",
				);
				GCC_WARN_64_TO_32_BIT_CONVERSION = YES;
				GCC_WARN_ABOUT_RETURN_TYPE = YES_ERROR;
				GCC_WARN_UNDECLARED_SELECTOR = YES;
				GCC_WARN_UNINITIALIZED_AUTOS = YES_AGGRESSIVE;
				GCC_WARN_UNUSED_FUNCTION = YES;
				GCC_WARN_UNUSED_VARIABLE = YES;
				IPHONEOS_DEPLOYMENT_TARGET = 12.2;
				MTL_ENABLE_DEBUG_INFO = INCLUDE_SOURCE;
				MTL_FAST_MATH = YES;
				ONLY_ACTIVE_ARCH = YES;
				SDKROOT = iphoneos;
				SWIFT_ACTIVE_COMPILATION_CONDITIONS = DEBUG;
				SWIFT_OPTIMIZATION_LEVEL = "-Onone";
			};
			name = Debug;
		};
		EEEABCC922C0115700C454C1 /* Release */ = {
			isa = XCBuildConfiguration;
			buildSettings = {
				ALWAYS_SEARCH_USER_PATHS = NO;
				CLANG_ANALYZER_NONNULL = YES;
				CLANG_ANALYZER_NUMBER_OBJECT_CONVERSION = YES_AGGRESSIVE;
				CLANG_CXX_LANGUAGE_STANDARD = "gnu++14";
				CLANG_CXX_LIBRARY = "libc++";
				CLANG_ENABLE_MODULES = YES;
				CLANG_ENABLE_OBJC_ARC = YES;
				CLANG_ENABLE_OBJC_WEAK = YES;
				CLANG_WARN_BLOCK_CAPTURE_AUTORELEASING = YES;
				CLANG_WARN_BOOL_CONVERSION = YES;
				CLANG_WARN_COMMA = YES;
				CLANG_WARN_CONSTANT_CONVERSION = YES;
				CLANG_WARN_DEPRECATED_OBJC_IMPLEMENTATIONS = YES;
				CLANG_WARN_DIRECT_OBJC_ISA_USAGE = YES_ERROR;
				CLANG_WARN_DOCUMENTATION_COMMENTS = YES;
				CLANG_WARN_EMPTY_BODY = YES;
				CLANG_WARN_ENUM_CONVERSION = YES;
				CLANG_WARN_INFINITE_RECURSION = YES;
				CLANG_WARN_INT_CONVERSION = YES;
				CLANG_WARN_NON_LITERAL_NULL_CONVERSION = YES;
				CLANG_WARN_OBJC_IMPLICIT_RETAIN_SELF = YES;
				CLANG_WARN_OBJC_LITERAL_CONVERSION = YES;
				CLANG_WARN_OBJC_ROOT_CLASS = YES_ERROR;
				CLANG_WARN_RANGE_LOOP_ANALYSIS = YES;
				CLANG_WARN_STRICT_PROTOTYPES = YES;
				CLANG_WARN_SUSPICIOUS_MOVE = YES;
				CLANG_WARN_UNGUARDED_AVAILABILITY = YES_AGGRESSIVE;
				CLANG_WARN_UNREACHABLE_CODE = YES;
				CLANG_WARN__DUPLICATE_METHOD_MATCH = YES;
				CODE_SIGN_IDENTITY = "iPhone Developer";
				COPY_PHASE_STRIP = NO;
				DEBUG_INFORMATION_FORMAT = "dwarf-with-dsym";
				ENABLE_NS_ASSERTIONS = NO;
				ENABLE_STRICT_OBJC_MSGSEND = YES;
				GCC_C_LANGUAGE_STANDARD = gnu11;
				GCC_NO_COMMON_BLOCKS = YES;
				GCC_WARN_64_TO_32_BIT_CONVERSION = YES;
				GCC_WARN_ABOUT_RETURN_TYPE = YES_ERROR;
				GCC_WARN_UNDECLARED_SELECTOR = YES;
				GCC_WARN_UNINITIALIZED_AUTOS = YES_AGGRESSIVE;
				GCC_WARN_UNUSED_FUNCTION = YES;
				GCC_WARN_UNUSED_VARIABLE = YES;
				IPHONEOS_DEPLOYMENT_TARGET = 12.2;
				MTL_ENABLE_DEBUG_INFO = NO;
				MTL_FAST_MATH = YES;
				SDKROOT = iphoneos;
				SWIFT_COMPILATION_MODE = wholemodule;
				SWIFT_OPTIMIZATION_LEVEL = "-O";
				VALIDATE_PRODUCT = YES;
			};
			name = Release;
		};
		EEEABCCB22C0115700C454C1 /* Debug */ = {
			isa = XCBuildConfiguration;
			buildSettings = {
				ASSETCATALOG_COMPILER_APPICON_NAME = AppIcon;
				CODE_SIGN_STYLE = Automatic;
				DEVELOPMENT_TEAM = NB2QYWV27L;
				INFOPLIST_FILE = Challenge3/Info.plist;
				LD_RUNPATH_SEARCH_PATHS = (
					"$(inherited)",
					"@executable_path/Frameworks",
				);
				PRODUCT_BUNDLE_IDENTIFIER = com.hrvojevukovic.Challenge3;
				PRODUCT_NAME = "$(TARGET_NAME)";
				SWIFT_VERSION = 5.0;
				TARGETED_DEVICE_FAMILY = 1;
			};
			name = Debug;
		};
		EEEABCCC22C0115700C454C1 /* Release */ = {
			isa = XCBuildConfiguration;
			buildSettings = {
				ASSETCATALOG_COMPILER_APPICON_NAME = AppIcon;
				CODE_SIGN_STYLE = Automatic;
				DEVELOPMENT_TEAM = NB2QYWV27L;
				INFOPLIST_FILE = Challenge3/Info.plist;
				LD_RUNPATH_SEARCH_PATHS = (
					"$(inherited)",
					"@executable_path/Frameworks",
				);
				PRODUCT_BUNDLE_IDENTIFIER = com.hrvojevukovic.Challenge3;
				PRODUCT_NAME = "$(TARGET_NAME)";
				SWIFT_VERSION = 5.0;
				TARGETED_DEVICE_FAMILY = 1;
			};
			name = Release;
		};
/* End XCBuildConfiguration section */

/* Begin XCConfigurationList section */
		EEEABCB322C0115500C454C1 /* Build configuration list for PBXProject "Challenge3" */ = {
			isa = XCConfigurationList;
			buildConfigurations = (
				EEEABCC822C0115700C454C1 /* Debug */,
				EEEABCC922C0115700C454C1 /* Release */,
			);
			defaultConfigurationIsVisible = 0;
			defaultConfigurationName = Release;
		};
		EEEABCCA22C0115700C454C1 /* Build configuration list for PBXNativeTarget "Challenge3" */ = {
			isa = XCConfigurationList;
			buildConfigurations = (
				EEEABCCB22C0115700C454C1 /* Debug */,
				EEEABCCC22C0115700C454C1 /* Release */,
			);
			defaultConfigurationIsVisible = 0;
			defaultConfigurationName = Release;
		};
/* End XCConfigurationList section */
	};
	rootObject = EEEABCB022C0115500C454C1 /* Project object */;
}
